
Microsoft Visual Studio Solution File, Format Version 12.00
# Visual Studio 15
VisualStudioVersion = 15.0.27428.2037
MinimumVisualStudioVersion = 10.0.40219.1
Project("{9A19103F-16F7-4668-BE54-9A1E7A4F7556}") = "TestSite", "TestSite\TestSite.csproj", "{FBA6E801-F666-4E2E-9EA3-11839739362A}"
EndProject
Global
	GlobalSection(SolutionConfigurationPlatforms) = preSolution
		Debug|Any CPU = Debug|Any CPU
		Release|Any CPU = Release|Any CPU
	EndGlobalSection
	GlobalSection(ProjectConfigurationPlatforms) = postSolution
		{FBA6E801-F666-4E2E-9EA3-11839739362A}.Debug|Any CPU.ActiveCfg = Debug|Any CPU
		{FBA6E801-F666-4E2E-9EA3-11839739362A}.Debug|Any CPU.Build.0 = Debug|Any CPU
		{FBA6E801-F666-4E2E-9EA3-11839739362A}.Release|Any CPU.ActiveCfg = Release|Any CPU
		{FBA6E801-F666-4E2E-9EA3-11839739362A}.Release|Any CPU.Build.0 = Release|Any CPU
	EndGlobalSection
	GlobalSection(SolutionProperties) = preSolution
		HideSolutionNode = FALSE
	EndGlobalSection
	GlobalSection(ExtensibilityGlobals) = postSolution
		SolutionGuid = {318060E4-8EF6-4732-A6C0-7222BAC2A587}
	EndGlobalSection
EndGlobal
